
Microsoft Visual Studio Solution File, Format Version 12.00
# Visual Studio Version 16
VisualStudioVersion = 16.0.29519.181
MinimumVisualStudioVersion = 10.0.40219.1
Project("{FAE04EC0-301F-11D3-BF4B-00C04F79EFBC}") = "QLCAFE-LTTQ", "QLCAFE-LTTQ\QLCAFE-LTTQ.csproj", "{748D6B5D-535A-4B6C-9127-15ED2D5E4078}"
EndProject
Global
	GlobalSection(SolutionConfigurationPlatforms) = preSolution
		Debug|Any CPU = Debug|Any CPU
		Release|Any CPU = Release|Any CPU
	EndGlobalSection
	GlobalSection(ProjectConfigurationPlatforms) = postSolution
		{748D6B5D-535A-4B6C-9127-15ED2D5E4078}.Debug|Any CPU.ActiveCfg = Debug|Any CPU
		{748D6B5D-535A-4B6C-9127-15ED2D5E4078}.Debug|Any CPU.Build.0 = Debug|Any CPU
		{748D6B5D-535A-4B6C-9127-15ED2D5E4078}.Release|Any CPU.ActiveCfg = Release|Any CPU
		{748D6B5D-535A-4B6C-9127-15ED2D5E4078}.Release|Any CPU.Build.0 = Release|Any CPU
	EndGlobalSection
	GlobalSection(SolutionProperties) = preSolution
		HideSolutionNode = FALSE
	EndGlobalSection
	GlobalSection(ExtensibilityGlobals) = postSolution
		SolutionGuid = {A403F17D-1812-4CBF-B068-BF70630679AA}
	EndGlobalSection
EndGlobal
